
Microsoft Visual Studio Solution File, Format Version 12.00
# Visual Studio Version 17
VisualStudioVersion = 17.10.35013.160
MinimumVisualStudioVersion = 10.0.40219.1
Project("{FAE04EC0-301F-11D3-BF4B-00C04F79EFBC}") = "Assigment_1_OOP", "Assigment_1_OOP.csproj", "{8B64B740-0697-496C-9464-28B6F23FEEAC}"
EndProject
Global
	GlobalSection(SolutionConfigurationPlatforms) = preSolution
		Debug|Any CPU = Debug|Any CPU
		Release|Any CPU = Release|Any CPU
	EndGlobalSection
	GlobalSection(ProjectConfigurationPlatforms) = postSolution
		{8B64B740-0697-496C-9464-28B6F23FEEAC}.Debug|Any CPU.ActiveCfg = Debug|Any CPU
		{8B64B740-0697-496C-9464-28B6F23FEEAC}.Debug|Any CPU.Build.0 = Debug|Any CPU
		{8B64B740-0697-496C-9464-28B6F23FEEAC}.Release|Any CPU.ActiveCfg = Release|Any CPU
		{8B64B740-0697-496C-9464-28B6F23FEEAC}.Release|Any CPU.Build.0 = Release|Any CPU
	EndGlobalSection
	GlobalSection(SolutionProperties) = preSolution
		HideSolutionNode = FALSE
	EndGlobalSection
	GlobalSection(ExtensibilityGlobals) = postSolution
		SolutionGuid = {7EA3A253-33EB-4884-B49A-36DCB72CA823}
	EndGlobalSection
EndGlobal
